# THIS IS AN AUTOGENERATED FILE. DO NOT EDIT THIS FILE DIRECTLY.
# yarn lockfile v1


fs@^0.0.1-security:
  version "0.0.1-security"
  resolved "https://registry.yarnpkg.com/fs/-/fs-0.0.1-security.tgz#8a7bd37186b6dddf3813f23858b57ecaaf5e41d4"

full-icu@^1.2.0:
  version "1.2.0"
  resolved "https://registry.yarnpkg.com/full-icu/-/full-icu-1.2.0.tgz#6bd8bf565f696aab30df503de2d47b92d9f1046f"

inherits@2.0.1:
  version "2.0.1"
  resolved "https://registry.yarnpkg.com/inherits/-/inherits-2.0.1.tgz#b17d08d326b4423e568eff719f91b0b1cbdf69f1"

lodash@^4.17.4:
  version "4.17.4"
  resolved "https://registry.yarnpkg.com/lodash/-/lodash-4.17.4.tgz#78203a4d1c328ae1d86dca6460e369b57f4055ae"

luxon@^0.2.7:
  version "0.2.7"
  resolved "https://registry.yarnpkg.com/luxon/-/luxon-0.2.7.tgz#a18e5db0a102071825d3ecba5cb51517d4a28807"

pdffiller-stream@^0.2.0:
  version "0.2.0"
  resolved "https://registry.yarnpkg.com/pdffiller-stream/-/pdffiller-stream-0.2.0.tgz#4ad8f2c67f9203e011c6755ab570dce4f7a170de"
  dependencies:
    lodash "^4.17.4"

util@^0.10.3:
  version "0.10.3"
  resolved "https://registry.yarnpkg.com/util/-/util-0.10.3.tgz#7afb1afe50805246489e3db7fe0ed379336ac0f9"
  dependencies:
    inherits "2.0.1"
